// !$*UTF8*$!
{
	archiveVersion = 1;
	classes = {
	};
	objectVersion = 46;
	objects = {

/* Begin PBXBuildFile section */
		E59A057216B9B5E800614619 /* UIKit.framework in Frameworks */ = {isa = PBXBuildFile; fileRef = E59A057116B9B5E800614619 /* UIKit.framework */; };
		E59A057416B9B5E800614619 /* Foundation.framework in Frameworks */ = {isa = PBXBuildFile; fileRef = E59A057316B9B5E800614619 /* Foundation.framework */; };
		E59A057616B9B5E800614619 /* CoreGraphics.framework in Frameworks */ = {isa = PBXBuildFile; fileRef = E59A057516B9B5E800614619 /* CoreGraphics.framework */; };
		E59A057C16B9B5E800614619 /* InfoPlist.strings in Resources */ = {isa = PBXBuildFile; fileRef = E59A057A16B9B5E800614619 /* InfoPlist.strings */; };
		E59A057E16B9B5E800614619 /* main.m in Sources */ = {isa = PBXBuildFile; fileRef = E59A057D16B9B5E800614619 /* main.m */; };
		E59A058216B9B5E800614619 /* AppDelegate.m in Sources */ = {isa = PBXBuildFile; fileRef = E59A058116B9B5E800614619 /* AppDelegate.m */; };
		E59A058416B9B5E800614619 /* Default.png in Resources */ = {isa = PBXBuildFile; fileRef = E59A058316B9B5E800614619 /* Default.png */; };
		E59A058616B9B5E800614619 /* Default@2x.png in Resources */ = {isa = PBXBuildFile; fileRef = E59A058516B9B5E800614619 /* Default@2x.png */; };
		E59A058816B9B5E800614619 /* Default-568h@2x.png in Resources */ = {isa = PBXBuildFile; fileRef = E59A058716B9B5E800614619 /* Default-568h@2x.png */; };
		E59A059316B9B79300614619 /* JASlidingPanelController.m in Sources */ = {isa = PBXBuildFile; fileRef = E59A059216B9B79300614619 /* JASlidingPanelController.m */; };
		E59A059816B9B7D500614619 /* LeftVC.m in Sources */ = {isa = PBXBuildFile; fileRef = E59A059616B9B7D500614619 /* LeftVC.m */; };
		E59A059D16B9B7E500614619 /* RightVC.m in Sources */ = {isa = PBXBuildFile; fileRef = E59A059B16B9B7E500614619 /* RightVC.m */; };
		E59A05A216B9B7F000614619 /* CenterVC.m in Sources */ = {isa = PBXBuildFile; fileRef = E59A05A016B9B7EF00614619 /* CenterVC.m */; };
		E59A05A516B9BC2500614619 /* QuartzCore.framework in Frameworks */ = {isa = PBXBuildFile; fileRef = E59A05A416B9BC2500614619 /* QuartzCore.framework */; };
		E59A05A816B9C4F700614619 /* UBSlidingPanelController.m in Sources */ = {isa = PBXBuildFile; fileRef = E59A05A716B9C4F700614619 /* UBSlidingPanelController.m */; };
/* End PBXBuildFile section */

/* Begin PBXFileReference section */
		E59A056E16B9B5E800614619 /* SlidingPanels.app */ = {isa = PBXFileReference; explicitFileType = wrapper.application; includeInIndex = 0; path = SlidingPanels.app; sourceTree = BUILT_PRODUCTS_DIR; };
		E59A057116B9B5E800614619 /* UIKit.framework */ = {isa = PBXFileReference; lastKnownFileType = wrapper.framework; name = UIKit.framework; path = System/Library/Frameworks/UIKit.framework; sourceTree = SDKROOT; };
		E59A057316B9B5E800614619 /* Foundation.framework */ = {isa = PBXFileReference; lastKnownFileType = wrapper.framework; name = Foundation.framework; path = System/Library/Frameworks/Foundation.framework; sourceTree = SDKROOT; };
		E59A057516B9B5E800614619 /* CoreGraphics.framework */ = {isa = PBXFileReference; lastKnownFileType = wrapper.framework; name = CoreGraphics.framework; path = System/Library/Frameworks/CoreGraphics.framework; sourceTree = SDKROOT; };
		E59A057916B9B5E800614619 /* SlidingPanels-Info.plist */ = {isa = PBXFileReference; lastKnownFileType = text.plist.xml; path = "SlidingPanels-Info.plist"; sourceTree = "<group>"; };
		E59A057B16B9B5E800614619 /* en */ = {isa = PBXFileReference; lastKnownFileType = text.plist.strings; name = en; path = en.lproj/InfoPlist.strings; sourceTree = "<group>"; };
		E59A057D16B9B5E800614619 /* main.m */ = {isa = PBXFileReference; lastKnownFileType = sourcecode.c.objc; path = main.m; sourceTree = "<group>"; };
		E59A057F16B9B5E800614619 /* SlidingPanels-Prefix.pch */ = {isa = PBXFileReference; lastKnownFileType = sourcecode.c.h; path = "SlidingPanels-Prefix.pch"; sourceTree = "<group>"; };
		E59A058016B9B5E800614619 /* AppDelegate.h */ = {isa = PBXFileReference; lastKnownFileType = sourcecode.c.h; path = AppDelegate.h; sourceTree = "<group>"; };
		E59A058116B9B5E800614619 /* AppDelegate.m */ = {isa = PBXFileReference; lastKnownFileType = sourcecode.c.objc; path = AppDelegate.m; sourceTree = "<group>"; };
		E59A058316B9B5E800614619 /* Default.png */ = {isa = PBXFileReference; lastKnownFileType = image.png; path = Default.png; sourceTree = "<group>"; };
		E59A058516B9B5E800614619 /* Default@2x.png */ = {isa = PBXFileReference; lastKnownFileType = image.png; path = "Default@2x.png"; sourceTree = "<group>"; };
		E59A058716B9B5E800614619 /* Default-568h@2x.png */ = {isa = PBXFileReference; lastKnownFileType = image.png; path = "Default-568h@2x.png"; sourceTree = "<group>"; };
		E59A059116B9B79300614619 /* JASlidingPanelController.h */ = {isa = PBXFileReference; fileEncoding = 4; lastKnownFileType = sourcecode.c.h; path = JASlidingPanelController.h; sourceTree = "<group>"; };
		E59A059216B9B79300614619 /* JASlidingPanelController.m */ = {isa = PBXFileReference; fileEncoding = 4; lastKnownFileType = sourcecode.c.objc; path = JASlidingPanelController.m; sourceTree = "<group>"; };
		E59A059516B9B7D500614619 /* LeftVC.h */ = {isa = PBXFileReference; fileEncoding = 4; lastKnownFileType = sourcecode.c.h; path = LeftVC.h; sourceTree = "<group>"; };
		E59A059616B9B7D500614619 /* LeftVC.m */ = {isa = PBXFileReference; fileEncoding = 4; lastKnownFileType = sourcecode.c.objc; path = LeftVC.m; sourceTree = "<group>"; };
		E59A059A16B9B7E500614619 /* RightVC.h */ = {isa = PBXFileReference; fileEncoding = 4; lastKnownFileType = sourcecode.c.h; path = RightVC.h; sourceTree = "<group>"; };
		E59A059B16B9B7E500614619 /* RightVC.m */ = {isa = PBXFileReference; fileEncoding = 4; lastKnownFileType = sourcecode.c.objc; path = RightVC.m; sourceTree = "<group>"; };
		E59A059F16B9B7EF00614619 /* CenterVC.h */ = {isa = PBXFileReference; fileEncoding = 4; lastKnownFileType = sourcecode.c.h; path = CenterVC.h; sourceTree = "<group>"; };
		E59A05A016B9B7EF00614619 /* CenterVC.m */ = {isa = PBXFileReference; fileEncoding = 4; lastKnownFileType = sourcecode.c.objc; path = CenterVC.m; sourceTree = "<group>"; };
		E59A05A416B9BC2500614619 /* QuartzCore.framework */ = {isa = PBXFileReference; lastKnownFileType = wrapper.framework; name = QuartzCore.framework; path = System/Library/Frameworks/QuartzCore.framework; sourceTree = SDKROOT; };
		E59A05A616B9C4F700614619 /* UBSlidingPanelController.h */ = {isa = PBXFileReference; fileEncoding = 4; lastKnownFileType = sourcecode.c.h; path = UBSlidingPanelController.h; sourceTree = "<group>"; };
		E59A05A716B9C4F700614619 /* UBSlidingPanelController.m */ = {isa = PBXFileReference; fileEncoding = 4; lastKnownFileType = sourcecode.c.objc; path = UBSlidingPanelController.m; sourceTree = "<group>"; };
/* End PBXFileReference section */

/* Begin PBXFrameworksBuildPhase section */
		E59A056B16B9B5E800614619 /* Frameworks */ = {
			isa = PBXFrameworksBuildPhase;
			buildActionMask = 2147483647;
			files = (
				E59A05A516B9BC2500614619 /* QuartzCore.framework in Frameworks */,
				E59A057216B9B5E800614619 /* UIKit.framework in Frameworks */,
				E59A057416B9B5E800614619 /* Foundation.framework in Frameworks */,
				E59A057616B9B5E800614619 /* CoreGraphics.framework in Frameworks */,
			);
			runOnlyForDeploymentPostprocessing = 0;
		};
/* End PBXFrameworksBuildPhase section */

/* Begin PBXGroup section */
		E59A056516B9B5E800614619 = {
			isa = PBXGroup;
			children = (
				E59A057716B9B5E800614619 /* SlidingPanels */,
				E59A057016B9B5E800614619 /* Frameworks */,
				E59A056F16B9B5E800614619 /* Products */,
			);
			sourceTree = "<group>";
		};
		E59A056F16B9B5E800614619 /* Products */ = {
			isa = PBXGroup;
			children = (
				E59A056E16B9B5E800614619 /* SlidingPanels.app */,
			);
			name = Products;
			sourceTree = "<group>";
		};
		E59A057016B9B5E800614619 /* Frameworks */ = {
			isa = PBXGroup;
			children = (
				E59A05A416B9BC2500614619 /* QuartzCore.framework */,
				E59A057116B9B5E800614619 /* UIKit.framework */,
				E59A057316B9B5E800614619 /* Foundation.framework */,
				E59A057516B9B5E800614619 /* CoreGraphics.framework */,
			);
			name = Frameworks;
			sourceTree = "<group>";
		};
		E59A057716B9B5E800614619 /* SlidingPanels */ = {
			isa = PBXGroup;
			children = (
				E59A059016B9B78400614619 /* UBSlidingPanelController */,
				E59A059416B9B7CB00614619 /* ViewControllers */,
				E59A058016B9B5E800614619 /* AppDelegate.h */,
				E59A058116B9B5E800614619 /* AppDelegate.m */,
				E59A057816B9B5E800614619 /* Supporting Files */,
			);
			path = SlidingPanels;
			sourceTree = "<group>";
		};
		E59A057816B9B5E800614619 /* Supporting Files */ = {
			isa = PBXGroup;
			children = (
				E59A057916B9B5E800614619 /* SlidingPanels-Info.plist */,
				E59A057A16B9B5E800614619 /* InfoPlist.strings */,
				E59A057D16B9B5E800614619 /* main.m */,
				E59A057F16B9B5E800614619 /* SlidingPanels-Prefix.pch */,
				E59A058316B9B5E800614619 /* Default.png */,
				E59A058516B9B5E800614619 /* Default@2x.png */,
				E59A058716B9B5E800614619 /* Default-568h@2x.png */,
			);
			name = "Supporting Files";
			sourceTree = "<group>";
		};
		E59A059016B9B78400614619 /* UBSlidingPanelController */ = {
			isa = PBXGroup;
			children = (
				E59A059116B9B79300614619 /* JASlidingPanelController.h */,
				E59A059216B9B79300614619 /* JASlidingPanelController.m */,
				E59A05A616B9C4F700614619 /* UBSlidingPanelController.h */,
				E59A05A716B9C4F700614619 /* UBSlidingPanelController.m */,
			);
			path = UBSlidingPanelController;
			sourceTree = "<group>";
		};
		E59A059416B9B7CB00614619 /* ViewControllers */ = {
			isa = PBXGroup;
			children = (
				E59A059516B9B7D500614619 /* LeftVC.h */,
				E59A059616B9B7D500614619 /* LeftVC.m */,
				E59A059A16B9B7E500614619 /* RightVC.h */,
				E59A059B16B9B7E500614619 /* RightVC.m */,
				E59A059F16B9B7EF00614619 /* CenterVC.h */,
				E59A05A016B9B7EF00614619 /* CenterVC.m */,
			);
			path = ViewControllers;
			sourceTree = "<group>";
		};
/* End PBXGroup section */

/* Begin PBXNativeTarget section */
		E59A056D16B9B5E800614619 /* SlidingPanels */ = {
			isa = PBXNativeTarget;
			buildConfigurationList = E59A058B16B9B5E800614619 /* Build configuration list for PBXNativeTarget "SlidingPanels" */;
			buildPhases = (
				E59A056A16B9B5E800614619 /* Sources */,
				E59A056B16B9B5E800614619 /* Frameworks */,
				E59A056C16B9B5E800614619 /* Resources */,
			);
			buildRules = (
			);
			dependencies = (
			);
			name = SlidingPanels;
			productName = SlidingPanels;
			productReference = E59A056E16B9B5E800614619 /* SlidingPanels.app */;
			productType = "com.apple.product-type.application";
		};
/* End PBXNativeTarget section */

/* Begin PBXProject section */
		E59A056616B9B5E800614619 /* Project object */ = {
			isa = PBXProject;
			attributes = {
				LastUpgradeCheck = 0460;
				ORGANIZATIONNAME = "John Mcintosh ";
			};
			buildConfigurationList = E59A056916B9B5E800614619 /* Build configuration list for PBXProject "SlidingPanels" */;
			compatibilityVersion = "Xcode 3.2";
			developmentRegion = English;
			hasScannedForEncodings = 0;
			knownRegions = (
				en,
			);
			mainGroup = E59A056516B9B5E800614619;
			productRefGroup = E59A056F16B9B5E800614619 /* Products */;
			projectDirPath = "";
			projectRoot = "";
			targets = (
				E59A056D16B9B5E800614619 /* SlidingPanels */,
			);
		};
/* End PBXProject section */

/* Begin PBXResourcesBuildPhase section */
		E59A056C16B9B5E800614619 /* Resources */ = {
			isa = PBXResourcesBuildPhase;
			buildActionMask = 2147483647;
			files = (
				E59A057C16B9B5E800614619 /* InfoPlist.strings in Resources */,
				E59A058416B9B5E800614619 /* Default.png in Resources */,
				E59A058616B9B5E800614619 /* Default@2x.png in Resources */,
				E59A058816B9B5E800614619 /* Default-568h@2x.png in Resources */,
			);
			runOnlyForDeploymentPostprocessing = 0;
		};
/* End PBXResourcesBuildPhase section */

/* Begin PBXSourcesBuildPhase section */
		E59A056A16B9B5E800614619 /* Sources */ = {
			isa = PBXSourcesBuildPhase;
			buildActionMask = 2147483647;
			files = (
				E59A057E16B9B5E800614619 /* main.m in Sources */,
				E59A058216B9B5E800614619 /* AppDelegate.m in Sources */,
				E59A059316B9B79300614619 /* JASlidingPanelController.m in Sources */,
				E59A059816B9B7D500614619 /* LeftVC.m in Sources */,
				E59A059D16B9B7E500614619 /* RightVC.m in Sources */,
				E59A05A216B9B7F000614619 /* CenterVC.m in Sources */,
				E59A05A816B9C4F700614619 /* UBSlidingPanelController.m in Sources */,
			);
			runOnlyForDeploymentPostprocessing = 0;
		};
/* End PBXSourcesBuildPhase section */

/* Begin PBXVariantGroup section */
		E59A057A16B9B5E800614619 /* InfoPlist.strings */ = {
			isa = PBXVariantGroup;
			children = (
				E59A057B16B9B5E800614619 /* en */,
			);
			name = InfoPlist.strings;
			sourceTree = "<group>";
		};
/* End PBXVariantGroup section */

/* Begin XCBuildConfiguration section */
		E59A058916B9B5E800614619 /* Debug */ = {
			isa = XCBuildConfiguration;
			buildSettings = {
				ALWAYS_SEARCH_USER_PATHS = NO;
				CLANG_CXX_LANGUAGE_STANDARD = "gnu++0x";
				CLANG_CXX_LIBRARY = "libc++";
				CLANG_ENABLE_OBJC_ARC = YES;
				CLANG_WARN_CONSTANT_CONVERSION = YES;
				CLANG_WARN_EMPTY_BODY = YES;
				CLANG_WARN_ENUM_CONVERSION = YES;
				CLANG_WARN_INT_CONVERSION = YES;
				CLANG_WARN__DUPLICATE_METHOD_MATCH = YES;
				"CODE_SIGN_IDENTITY[sdk=iphoneos*]" = "iPhone Developer";
				COPY_PHASE_STRIP = NO;
				GCC_C_LANGUAGE_STANDARD = gnu99;
				GCC_DYNAMIC_NO_PIC = NO;
				GCC_OPTIMIZATION_LEVEL = 0;
				GCC_PREPROCESSOR_DEFINITIONS = (
					"DEBUG=1",
					"$(inherited)",
				);
				GCC_SYMBOLS_PRIVATE_EXTERN = NO;
				GCC_WARN_ABOUT_RETURN_TYPE = YES;
				GCC_WARN_UNINITIALIZED_AUTOS = YES;
				GCC_WARN_UNUSED_VARIABLE = YES;
				IPHONEOS_DEPLOYMENT_TARGET = 6.1;
				ONLY_ACTIVE_ARCH = YES;
				SDKROOT = iphoneos;
				TARGETED_DEVICE_FAMILY = 2;
			};
			name = Debug;
		};
		E59A058A16B9B5E800614619 /* Release */ = {
			isa = XCBuildConfiguration;
			buildSettings = {
				ALWAYS_SEARCH_USER_PATHS = NO;
				CLANG_CXX_LANGUAGE_STANDARD = "gnu++0x";
				CLANG_CXX_LIBRARY = "libc++";
				CLANG_ENABLE_OBJC_ARC = YES;
				CLANG_WARN_CONSTANT_CONVERSION = YES;
				CLANG_WARN_EMPTY_BODY = YES;
				CLANG_WARN_ENUM_CONVERSION = YES;
				CLANG_WARN_INT_CONVERSION = YES;
				CLANG_WARN__DUPLICATE_METHOD_MATCH = YES;
				"CODE_SIGN_IDENTITY[sdk=iphoneos*]" = "iPhone Developer";
				COPY_PHASE_STRIP = YES;
				GCC_C_LANGUAGE_STANDARD = gnu99;
				GCC_WARN_ABOUT_RETURN_TYPE = YES;
				GCC_WARN_UNINITIALIZED_AUTOS = YES;
				GCC_WARN_UNUSED_VARIABLE = YES;
				IPHONEOS_DEPLOYMENT_TARGET = 6.1;
				OTHER_CFLAGS = "-DNS_BLOCK_ASSERTIONS=1";
				SDKROOT = iphoneos;
				TARGETED_DEVICE_FAMILY = 2;
				VALIDATE_PRODUCT = YES;
			};
			name = Release;
		};
		E59A058C16B9B5E800614619 /* Debug */ = {
			isa = XCBuildConfiguration;
			buildSettings = {
				GCC_PRECOMPILE_PREFIX_HEADER = YES;
				GCC_PREFIX_HEADER = "SlidingPanels/SlidingPanels-Prefix.pch";
				INFOPLIST_FILE = "SlidingPanels/SlidingPanels-Info.plist";
				PRODUCT_NAME = "$(TARGET_NAME)";
				WRAPPER_EXTENSION = app;
			};
			name = Debug;
		};
		E59A058D16B9B5E800614619 /* Release */ = {
			isa = XCBuildConfiguration;
			buildSettings = {
				GCC_PRECOMPILE_PREFIX_HEADER = YES;
				GCC_PREFIX_HEADER = "SlidingPanels/SlidingPanels-Prefix.pch";
				INFOPLIST_FILE = "SlidingPanels/SlidingPanels-Info.plist";
				PRODUCT_NAME = "$(TARGET_NAME)";
				WRAPPER_EXTENSION = app;
			};
			name = Release;
		};
/* End XCBuildConfiguration section */

/* Begin XCConfigurationList section */
		E59A056916B9B5E800614619 /* Build configuration list for PBXProject "SlidingPanels" */ = {
			isa = XCConfigurationList;
			buildConfigurations = (
				E59A058916B9B5E800614619 /* Debug */,
				E59A058A16B9B5E800614619 /* Release */,
			);
			defaultConfigurationIsVisible = 0;
			defaultConfigurationName = Release;
		};
		E59A058B16B9B5E800614619 /* Build configuration list for PBXNativeTarget "SlidingPanels" */ = {
			isa = XCConfigurationList;
			buildConfigurations = (
				E59A058C16B9B5E800614619 /* Debug */,
				E59A058D16B9B5E800614619 /* Release */,
			);
			defaultConfigurationIsVisible = 0;
		};
/* End XCConfigurationList section */
	};
	rootObject = E59A056616B9B5E800614619 /* Project object */;
}
